// !$*UTF8*$!
{
	archiveVersion = 1;
	classes = {
	};
	objectVersion = 50;
	objects = {

/* Begin PBXBuildFile section */
		3493762225A1C7B90035D845 /* NotificationManager.swift in Sources */ = {isa = PBXBuildFile; fileRef = 3493762125A1C7B90035D845 /* NotificationManager.swift */; };
		3493762E25A1CC5D0035D845 /* EventDecoder.swift in Sources */ = {isa = PBXBuildFile; fileRef = 3493762625A1CBA00035D845 /* EventDecoder.swift */; };
		3493764425A1DF480035D845 /* StoreKit.framework in Frameworks */ = {isa = PBXBuildFile; fileRef = 3493764325A1DF480035D845 /* StoreKit.framework */; };
		3493764825A1E1F80035D845 /* StoreManager.swift in Sources */ = {isa = PBXBuildFile; fileRef = 3493764725A1E1F80035D845 /* StoreManager.swift */; };
		3493765225A214860035D845 /* StoreView.swift in Sources */ = {isa = PBXBuildFile; fileRef = 3493765125A214860035D845 /* StoreView.swift */; };
		349C75D42548929D002605B0 /* CenterCropped.swift in Sources */ = {isa = PBXBuildFile; fileRef = 349C75D32548929D002605B0 /* CenterCropped.swift */; };
		349C75D7254892AE002605B0 /* CenterCropped.swift in Sources */ = {isa = PBXBuildFile; fileRef = 349C75D32548929D002605B0 /* CenterCropped.swift */; };
		349C75F3254988DA002605B0 /* KeyboardRemover.swift in Sources */ = {isa = PBXBuildFile; fileRef = 349C75F2254988DA002605B0 /* KeyboardRemover.swift */; };
		349C75FB25499341002605B0 /* Size.swift in Sources */ = {isa = PBXBuildFile; fileRef = 349C75FA25499341002605B0 /* Size.swift */; };
		349C760B254AC951002605B0 /* SplashView.swift in Sources */ = {isa = PBXBuildFile; fileRef = 349C760A254AC950002605B0 /* SplashView.swift */; };
		349C7615254AF298002605B0 /* EditItemView.swift in Sources */ = {isa = PBXBuildFile; fileRef = 349C7614254AF297002605B0 /* EditItemView.swift */; };
		349C7622254B24D2002605B0 /* CustomTabView.swift in Sources */ = {isa = PBXBuildFile; fileRef = 349C7621254B24D1002605B0 /* CustomTabView.swift */; };
		349C7626254B3112002605B0 /* OnboardingView.swift in Sources */ = {isa = PBXBuildFile; fileRef = 349C7625254B3112002605B0 /* OnboardingView.swift */; };
		349C762A254B3177002605B0 /* OnboardingCardView.swift in Sources */ = {isa = PBXBuildFile; fileRef = 349C7629254B3177002605B0 /* OnboardingCardView.swift */; };
		349C762E254B3193002605B0 /* OnboardingItem.swift in Sources */ = {isa = PBXBuildFile; fileRef = 349C762D254B3193002605B0 /* OnboardingItem.swift */; };
		349C7633254B3209002605B0 /* OnboardingData.swift in Sources */ = {isa = PBXBuildFile; fileRef = 349C7632254B3209002605B0 /* OnboardingData.swift */; };
		349C7639254B372A002605B0 /* StartButtonView.swift in Sources */ = {isa = PBXBuildFile; fileRef = 349C7638254B372A002605B0 /* StartButtonView.swift */; };
		34BE36012541EA420032D3A7 /* SinceApp.swift in Sources */ = {isa = PBXBuildFile; fileRef = 34BE36002541EA420032D3A7 /* SinceApp.swift */; };
		34BE36032541EA420032D3A7 /* ContentView.swift in Sources */ = {isa = PBXBuildFile; fileRef = 34BE36022541EA420032D3A7 /* ContentView.swift */; };
		34BE36052541EA430032D3A7 /* Assets.xcassets in Resources */ = {isa = PBXBuildFile; fileRef = 34BE36042541EA430032D3A7 /* Assets.xcassets */; };
		34BE36082541EA430032D3A7 /* Preview Assets.xcassets in Resources */ = {isa = PBXBuildFile; fileRef = 34BE36072541EA430032D3A7 /* Preview Assets.xcassets */; };
		34BE360A2541EA430032D3A7 /* Persistence.swift in Sources */ = {isa = PBXBuildFile; fileRef = 34BE36092541EA430032D3A7 /* Persistence.swift */; };
		34BE360D2541EA430032D3A7 /* Since.xcdatamodeld in Sources */ = {isa = PBXBuildFile; fileRef = 34BE360B2541EA430032D3A7 /* Since.xcdatamodeld */; };
		34BE361D2541EBFA0032D3A7 /* SinceItemListView.swift in Sources */ = {isa = PBXBuildFile; fileRef = 34BE361C2541EBFA0032D3A7 /* SinceItemListView.swift */; };
		34BE36222541EC230032D3A7 /* TimeFromDate.swift in Sources */ = {isa = PBXBuildFile; fileRef = 34BE36212541EC230032D3A7 /* TimeFromDate.swift */; };
		34BE36262541F5740032D3A7 /* AddEventView.swift in Sources */ = {isa = PBXBuildFile; fileRef = 34BE36252541F5740032D3A7 /* AddEventView.swift */; };
		34BE36292541F69A0032D3A7 /* MainView.swift in Sources */ = {isa = PBXBuildFile; fileRef = 34BE36282541F69A0032D3A7 /* MainView.swift */; };
		34BE36332546E21A0032D3A7 /* ImagePicker.swift in Sources */ = {isa = PBXBuildFile; fileRef = 34BE36322546E21A0032D3A7 /* ImagePicker.swift */; };
		34BE363A2546E7C60032D3A7 /* ImageHandler.swift in Sources */ = {isa = PBXBuildFile; fileRef = 34BE36392546E7C60032D3A7 /* ImageHandler.swift */; };
		34BE3644254724910032D3A7 /* WidgetKit.framework in Frameworks */ = {isa = PBXBuildFile; fileRef = 34BE3643254724910032D3A7 /* WidgetKit.framework */; };
		34BE3646254724910032D3A7 /* SwiftUI.framework in Frameworks */ = {isa = PBXBuildFile; fileRef = 34BE3645254724910032D3A7 /* SwiftUI.framework */; };
		34BE3649254724910032D3A7 /* Since_Widget.swift in Sources */ = {isa = PBXBuildFile; fileRef = 34BE3648254724910032D3A7 /* Since_Widget.swift */; };
		34BE364B254724940032D3A7 /* Assets.xcassets in Resources */ = {isa = PBXBuildFile; fileRef = 34BE364A254724940032D3A7 /* Assets.xcassets */; };
		34BE364F254724950032D3A7 /* Since WidgetExtension.appex in Embed App Extensions */ = {isa = PBXBuildFile; fileRef = 34BE3641254724910032D3A7 /* Since WidgetExtension.appex */; settings = {ATTRIBUTES = (RemoveHeadersOnCopy, ); }; };
		34BE3669254728160032D3A7 /* AppGroup.swift in Sources */ = {isa = PBXBuildFile; fileRef = 34BE3668254728160032D3A7 /* AppGroup.swift */; };
		34BE366C25472A110032D3A7 /* SinceWidgetView.swift in Sources */ = {isa = PBXBuildFile; fileRef = 34BE3659254725580032D3A7 /* SinceWidgetView.swift */; };
		34BE366F25472A4E0032D3A7 /* Assets.xcassets in Resources */ = {isa = PBXBuildFile; fileRef = 34BE36042541EA430032D3A7 /* Assets.xcassets */; };
		34BE36CC25480B550032D3A7 /* WidgetSinceEvent.swift in Sources */ = {isa = PBXBuildFile; fileRef = 34BE36CB25480B550032D3A7 /* WidgetSinceEvent.swift */; };
		34BE36CD25480B550032D3A7 /* WidgetSinceEvent.swift in Sources */ = {isa = PBXBuildFile; fileRef = 34BE36CB25480B550032D3A7 /* WidgetSinceEvent.swift */; };
		34BE36D025480EA30032D3A7 /* ImageHandler.swift in Sources */ = {isa = PBXBuildFile; fileRef = 34BE36392546E7C60032D3A7 /* ImageHandler.swift */; };
		34BE36D3254810350032D3A7 /* AppGroup.swift in Sources */ = {isa = PBXBuildFile; fileRef = 34BE3668254728160032D3A7 /* AppGroup.swift */; };
		34BE36E3254843FD0032D3A7 /* TimeFromDate.swift in Sources */ = {isa = PBXBuildFile; fileRef = 34BE36212541EC230032D3A7 /* TimeFromDate.swift */; };
		34C63C42259CAB1F003B12DB /* WikiSinceEvent.swift in Sources */ = {isa = PBXBuildFile; fileRef = 34C63C41259CAB1F003B12DB /* WikiSinceEvent.swift */; };
/* End PBXBuildFile section */

/* Begin PBXContainerItemProxy section */
		34BE364D254724950032D3A7 /* PBXContainerItemProxy */ = {
			isa = PBXContainerItemProxy;
			containerPortal = 34BE35F52541EA420032D3A7 /* Project object */;
			proxyType = 1;
			remoteGlobalIDString = 34BE3640254724910032D3A7;
			remoteInfo = "Since WidgetExtension";
		};
/* End PBXContainerItemProxy section */

/* Begin PBXCopyFilesBuildPhase section */
		34BE3653254724950032D3A7 /* Embed App Extensions */ = {
			isa = PBXCopyFilesBuildPhase;
			buildActionMask = 2147483647;
			dstPath = "";
			dstSubfolderSpec = 13;
			files = (
				34BE364F254724950032D3A7 /* Since WidgetExtension.appex in Embed App Extensions */,
			);
			name = "Embed App Extensions";
			runOnlyForDeploymentPostprocessing = 0;
		};
/* End PBXCopyFilesBuildPhase section */

/* Begin PBXFileReference section */
		3493762125A1C7B90035D845 /* NotificationManager.swift */ = {isa = PBXFileReference; lastKnownFileType = sourcecode.swift; path = NotificationManager.swift; sourceTree = "<group>"; };
		3493762625A1CBA00035D845 /* EventDecoder.swift */ = {isa = PBXFileReference; lastKnownFileType = sourcecode.swift; path = EventDecoder.swift; sourceTree = "<group>"; };
		3493764325A1DF480035D845 /* StoreKit.framework */ = {isa = PBXFileReference; lastKnownFileType = wrapper.framework; name = StoreKit.framework; path = System/Library/Frameworks/StoreKit.framework; sourceTree = SDKROOT; };
		3493764725A1E1F80035D845 /* StoreManager.swift */ = {isa = PBXFileReference; lastKnownFileType = sourcecode.swift; path = StoreManager.swift; sourceTree = "<group>"; };
		3493764B25A20D350035D845 /* Configuration.storekit */ = {isa = PBXFileReference; lastKnownFileType = text; path = Configuration.storekit; sourceTree = "<group>"; };
		3493765125A214860035D845 /* StoreView.swift */ = {isa = PBXFileReference; lastKnownFileType = sourcecode.swift; path = StoreView.swift; sourceTree = "<group>"; };
		349C75D32548929D002605B0 /* CenterCropped.swift */ = {isa = PBXFileReference; lastKnownFileType = sourcecode.swift; path = CenterCropped.swift; sourceTree = "<group>"; };
		349C75F2254988DA002605B0 /* KeyboardRemover.swift */ = {isa = PBXFileReference; lastKnownFileType = sourcecode.swift; path = KeyboardRemover.swift; sourceTree = "<group>"; };
		349C75FA25499341002605B0 /* Size.swift */ = {isa = PBXFileReference; lastKnownFileType = sourcecode.swift; path = Size.swift; sourceTree = "<group>"; };
		349C760A254AC950002605B0 /* SplashView.swift */ = {isa = PBXFileReference; lastKnownFileType = sourcecode.swift; path = SplashView.swift; sourceTree = "<group>"; };
		349C7614254AF297002605B0 /* EditItemView.swift */ = {isa = PBXFileReference; lastKnownFileType = sourcecode.swift; path = EditItemView.swift; sourceTree = "<group>"; };
		349C7621254B24D1002605B0 /* CustomTabView.swift */ = {isa = PBXFileReference; lastKnownFileType = sourcecode.swift; path = CustomTabView.swift; sourceTree = "<group>"; };
		349C7625254B3112002605B0 /* OnboardingView.swift */ = {isa = PBXFileReference; lastKnownFileType = sourcecode.swift; path = OnboardingView.swift; sourceTree = "<group>"; };
		349C7629254B3177002605B0 /* OnboardingCardView.swift */ = {isa = PBXFileReference; lastKnownFileType = sourcecode.swift; path = OnboardingCardView.swift; sourceTree = "<group>"; };
		349C762D254B3193002605B0 /* OnboardingItem.swift */ = {isa = PBXFileReference; lastKnownFileType = sourcecode.swift; path = OnboardingItem.swift; sourceTree = "<group>"; };
		349C7632254B3209002605B0 /* OnboardingData.swift */ = {isa = PBXFileReference; lastKnownFileType = sourcecode.swift; path = OnboardingData.swift; sourceTree = "<group>"; };
		349C7638254B372A002605B0 /* StartButtonView.swift */ = {isa = PBXFileReference; lastKnownFileType = sourcecode.swift; path = StartButtonView.swift; sourceTree = "<group>"; };
		34BE35FD2541EA420032D3A7 /* Since.app */ = {isa = PBXFileReference; explicitFileType = wrapper.application; includeInIndex = 0; path = Since.app; sourceTree = BUILT_PRODUCTS_DIR; };
		34BE36002541EA420032D3A7 /* SinceApp.swift */ = {isa = PBXFileReference; lastKnownFileType = sourcecode.swift; path = SinceApp.swift; sourceTree = "<group>"; };
		34BE36022541EA420032D3A7 /* ContentView.swift */ = {isa = PBXFileReference; lastKnownFileType = sourcecode.swift; path = ContentView.swift; sourceTree = "<group>"; };
		34BE36042541EA430032D3A7 /* Assets.xcassets */ = {isa = PBXFileReference; lastKnownFileType = folder.assetcatalog; path = Assets.xcassets; sourceTree = "<group>"; };
		34BE36072541EA430032D3A7 /* Preview Assets.xcassets */ = {isa = PBXFileReference; lastKnownFileType = folder.assetcatalog; path = "Preview Assets.xcassets"; sourceTree = "<group>"; };
		34BE36092541EA430032D3A7 /* Persistence.swift */ = {isa = PBXFileReference; lastKnownFileType = sourcecode.swift; path = Persistence.swift; sourceTree = "<group>"; };
		34BE360C2541EA430032D3A7 /* Since.xcdatamodel */ = {isa = PBXFileReference; lastKnownFileType = wrapper.xcdatamodel; path = Since.xcdatamodel; sourceTree = "<group>"; };
		34BE360E2541EA430032D3A7 /* Info.plist */ = {isa = PBXFileReference; lastKnownFileType = text.plist.xml; path = Info.plist; sourceTree = "<group>"; };
		34BE361C2541EBFA0032D3A7 /* SinceItemListView.swift */ = {isa = PBXFileReference; lastKnownFileType = sourcecode.swift; path = SinceItemListView.swift; sourceTree = "<group>"; };
		34BE36212541EC230032D3A7 /* TimeFromDate.swift */ = {isa = PBXFileReference; fileEncoding = 4; lastKnownFileType = sourcecode.swift; path = TimeFromDate.swift; sourceTree = "<group>"; };
		34BE36252541F5740032D3A7 /* AddEventView.swift */ = {isa = PBXFileReference; lastKnownFileType = sourcecode.swift; path = AddEventView.swift; sourceTree = "<group>"; };
		34BE36282541F69A0032D3A7 /* MainView.swift */ = {isa = PBXFileReference; lastKnownFileType = sourcecode.swift; path = MainView.swift; sourceTree = "<group>"; };
		34BE36322546E21A0032D3A7 /* ImagePicker.swift */ = {isa = PBXFileReference; lastKnownFileType = sourcecode.swift; path = ImagePicker.swift; sourceTree = "<group>"; };
		34BE36392546E7C60032D3A7 /* ImageHandler.swift */ = {isa = PBXFileReference; lastKnownFileType = sourcecode.swift; path = ImageHandler.swift; sourceTree = "<group>"; };
		34BE3641254724910032D3A7 /* Since WidgetExtension.appex */ = {isa = PBXFileReference; explicitFileType = "wrapper.app-extension"; includeInIndex = 0; path = "Since WidgetExtension.appex"; sourceTree = BUILT_PRODUCTS_DIR; };
		34BE3643254724910032D3A7 /* WidgetKit.framework */ = {isa = PBXFileReference; lastKnownFileType = wrapper.framework; name = WidgetKit.framework; path = System/Library/Frameworks/WidgetKit.framework; sourceTree = SDKROOT; };
		34BE3645254724910032D3A7 /* SwiftUI.framework */ = {isa = PBXFileReference; lastKnownFileType = wrapper.framework; name = SwiftUI.framework; path = System/Library/Frameworks/SwiftUI.framework; sourceTree = SDKROOT; };
		34BE3648254724910032D3A7 /* Since_Widget.swift */ = {isa = PBXFileReference; lastKnownFileType = sourcecode.swift; path = Since_Widget.swift; sourceTree = "<group>"; };
		34BE364A254724940032D3A7 /* Assets.xcassets */ = {isa = PBXFileReference; lastKnownFileType = folder.assetcatalog; path = Assets.xcassets; sourceTree = "<group>"; };
		34BE364C254724940032D3A7 /* Info.plist */ = {isa = PBXFileReference; lastKnownFileType = text.plist.xml; path = Info.plist; sourceTree = "<group>"; };
		34BE3659254725580032D3A7 /* SinceWidgetView.swift */ = {isa = PBXFileReference; lastKnownFileType = sourcecode.swift; path = SinceWidgetView.swift; sourceTree = "<group>"; };
		34BE365D254725F50032D3A7 /* Since.entitlements */ = {isa = PBXFileReference; lastKnownFileType = text.plist.entitlements; path = Since.entitlements; sourceTree = "<group>"; };
		34BE36602547261A0032D3A7 /* Since WidgetExtension.entitlements */ = {isa = PBXFileReference; lastKnownFileType = text.plist.entitlements; path = "Since WidgetExtension.entitlements"; sourceTree = "<group>"; };
		34BE3668254728160032D3A7 /* AppGroup.swift */ = {isa = PBXFileReference; lastKnownFileType = sourcecode.swift; path = AppGroup.swift; sourceTree = "<group>"; };
		34BE368625472DAD0032D3A7 /* IntentsUI.framework */ = {isa = PBXFileReference; lastKnownFileType = wrapper.framework; name = IntentsUI.framework; path = System/Library/Frameworks/IntentsUI.framework; sourceTree = SDKROOT; };
		34BE36CB25480B550032D3A7 /* WidgetSinceEvent.swift */ = {isa = PBXFileReference; lastKnownFileType = sourcecode.swift; path = WidgetSinceEvent.swift; sourceTree = "<group>"; };
		34C63C41259CAB1F003B12DB /* WikiSinceEvent.swift */ = {isa = PBXFileReference; lastKnownFileType = sourcecode.swift; path = WikiSinceEvent.swift; sourceTree = "<group>"; };
/* End PBXFileReference section */

/* Begin PBXFrameworksBuildPhase section */
		34BE35FA2541EA420032D3A7 /* Frameworks */ = {
			isa = PBXFrameworksBuildPhase;
			buildActionMask = 2147483647;
			files = (
				3493764425A1DF480035D845 /* StoreKit.framework in Frameworks */,
			);
			runOnlyForDeploymentPostprocessing = 0;
		};
		34BE363E254724910032D3A7 /* Frameworks */ = {
			isa = PBXFrameworksBuildPhase;
			buildActionMask = 2147483647;
			files = (
				34BE3646254724910032D3A7 /* SwiftUI.framework in Frameworks */,
				34BE3644254724910032D3A7 /* WidgetKit.framework in Frameworks */,
			);
			runOnlyForDeploymentPostprocessing = 0;
		};
/* End PBXFrameworksBuildPhase section */

/* Begin PBXGroup section */
		3493762525A1CB860035D845 /* Data */ = {
			isa = PBXGroup;
			children = (
				3493762625A1CBA00035D845 /* EventDecoder.swift */,
			);
			path = Data;
			sourceTree = "<group>";
		};
		3493763125A1D0CB0035D845 /* Model */ = {
			isa = PBXGroup;
			children = (
			);
			path = Model;
			sourceTree = "<group>";
		};
		349C7631254B31F8002605B0 /* Data */ = {
			isa = PBXGroup;
			children = (
				349C7632254B3209002605B0 /* OnboardingData.swift */,
			);
			path = Data;
			sourceTree = "<group>";
		};
		34BE35F42541EA420032D3A7 = {
			isa = PBXGroup;
			children = (
				34BE36602547261A0032D3A7 /* Since WidgetExtension.entitlements */,
				34BE35FF2541EA420032D3A7 /* Since */,
				34BE3647254724910032D3A7 /* Since Widget */,
				34BE3642254724910032D3A7 /* Frameworks */,
				34BE35FE2541EA420032D3A7 /* Products */,
			);
			sourceTree = "<group>";
		};
		34BE35FE2541EA420032D3A7 /* Products */ = {
			isa = PBXGroup;
			children = (
				34BE35FD2541EA420032D3A7 /* Since.app */,
				34BE3641254724910032D3A7 /* Since WidgetExtension.appex */,
			);
			name = Products;
			sourceTree = "<group>";
		};
		34BE35FF2541EA420032D3A7 /* Since */ = {
			isa = PBXGroup;
			children = (
				349C7631254B31F8002605B0 /* Data */,
				34BE365D254725F50032D3A7 /* Since.entitlements */,
				34BE36202541EC160032D3A7 /* Extension */,
				34BE36172541EB920032D3A7 /* App */,
				34BE36182541EB9D0032D3A7 /* View */,
				34BE361A2541EBA50032D3A7 /* Model */,
				34BE360E2541EA430032D3A7 /* Info.plist */,
				34BE36042541EA430032D3A7 /* Assets.xcassets */,
				34BE36062541EA430032D3A7 /* Preview Content */,
			);
			path = Since;
			sourceTree = "<group>";
		};
		34BE36062541EA430032D3A7 /* Preview Content */ = {
			isa = PBXGroup;
			children = (
				34BE36072541EA430032D3A7 /* Preview Assets.xcassets */,
			);
			path = "Preview Content";
			sourceTree = "<group>";
		};
		34BE36172541EB920032D3A7 /* App */ = {
			isa = PBXGroup;
			children = (
				34BE36002541EA420032D3A7 /* SinceApp.swift */,
				34BE36282541F69A0032D3A7 /* MainView.swift */,
				34BE36392546E7C60032D3A7 /* ImageHandler.swift */,
				349C75FA25499341002605B0 /* Size.swift */,
				3493762125A1C7B90035D845 /* NotificationManager.swift */,
				3493764725A1E1F80035D845 /* StoreManager.swift */,
				3493764B25A20D350035D845 /* Configuration.storekit */,
			);
			path = App;
			sourceTree = "<group>";
		};
		34BE36182541EB9D0032D3A7 /* View */ = {
			isa = PBXGroup;
			children = (
				34BE36022541EA420032D3A7 /* ContentView.swift */,
				349C760A254AC950002605B0 /* SplashView.swift */,
				3493765125A214860035D845 /* StoreView.swift */,
				34BE361C2541EBFA0032D3A7 /* SinceItemListView.swift */,
				34BE36252541F5740032D3A7 /* AddEventView.swift */,
				34BE36322546E21A0032D3A7 /* ImagePicker.swift */,
				349C7614254AF297002605B0 /* EditItemView.swift */,
				349C7621254B24D1002605B0 /* CustomTabView.swift */,
				349C7625254B3112002605B0 /* OnboardingView.swift */,
				349C7629254B3177002605B0 /* OnboardingCardView.swift */,
				349C7638254B372A002605B0 /* StartButtonView.swift */,
			);
			path = View;
			sourceTree = "<group>";
		};
		34BE361A2541EBA50032D3A7 /* Model */ = {
			isa = PBXGroup;
			children = (
				34BE360B2541EA430032D3A7 /* Since.xcdatamodeld */,
				34BE36092541EA430032D3A7 /* Persistence.swift */,
				34BE3668254728160032D3A7 /* AppGroup.swift */,
				34BE36CB25480B550032D3A7 /* WidgetSinceEvent.swift */,
				34C63C41259CAB1F003B12DB /* WikiSinceEvent.swift */,
				349C762D254B3193002605B0 /* OnboardingItem.swift */,
			);
			path = Model;
			sourceTree = "<group>";
		};
		34BE36202541EC160032D3A7 /* Extension */ = {
			isa = PBXGroup;
			children = (
				34BE36212541EC230032D3A7 /* TimeFromDate.swift */,
				349C75D32548929D002605B0 /* CenterCropped.swift */,
				349C75F2254988DA002605B0 /* KeyboardRemover.swift */,
			);
			path = Extension;
			sourceTree = "<group>";
		};
		34BE3642254724910032D3A7 /* Frameworks */ = {
			isa = PBXGroup;
			children = (
				3493764325A1DF480035D845 /* StoreKit.framework */,
				34BE3643254724910032D3A7 /* WidgetKit.framework */,
				34BE3645254724910032D3A7 /* SwiftUI.framework */,
				34BE368625472DAD0032D3A7 /* IntentsUI.framework */,
			);
			name = Frameworks;
			sourceTree = "<group>";
		};
		34BE3647254724910032D3A7 /* Since Widget */ = {
			isa = PBXGroup;
			children = (
				3493763125A1D0CB0035D845 /* Model */,
				3493762525A1CB860035D845 /* Data */,
				34BE3663254726770032D3A7 /* App */,
				34BE3656254725020032D3A7 /* View */,
				34BE3648254724910032D3A7 /* Since_Widget.swift */,
				34BE364A254724940032D3A7 /* Assets.xcassets */,
				34BE364C254724940032D3A7 /* Info.plist */,
			);
			path = "Since Widget";
			sourceTree = "<group>";
		};
		34BE3656254725020032D3A7 /* View */ = {
			isa = PBXGroup;
			children = (
				34BE3659254725580032D3A7 /* SinceWidgetView.swift */,
			);
			path = View;
			sourceTree = "<group>";
		};
		34BE3663254726770032D3A7 /* App */ = {
			isa = PBXGroup;
			children = (
			);
			path = App;
			sourceTree = "<group>";
		};
/* End PBXGroup section */

/* Begin PBXNativeTarget section */
		34BE35FC2541EA420032D3A7 /* Since */ = {
			isa = PBXNativeTarget;
			buildConfigurationList = 34BE36112541EA430032D3A7 /* Build configuration list for PBXNativeTarget "Since" */;
			buildPhases = (
				34BE35F92541EA420032D3A7 /* Sources */,
				34BE35FA2541EA420032D3A7 /* Frameworks */,
				34BE35FB2541EA420032D3A7 /* Resources */,
				34BE3653254724950032D3A7 /* Embed App Extensions */,
			);
			buildRules = (
			);
			dependencies = (
				34BE364E254724950032D3A7 /* PBXTargetDependency */,
			);
			name = Since;
			productName = Since;
			productReference = 34BE35FD2541EA420032D3A7 /* Since.app */;
			productType = "com.apple.product-type.application";
		};
		34BE3640254724910032D3A7 /* Since WidgetExtension */ = {
			isa = PBXNativeTarget;
			buildConfigurationList = 34BE3650254724950032D3A7 /* Build configuration list for PBXNativeTarget "Since WidgetExtension" */;
			buildPhases = (
				34BE363D254724910032D3A7 /* Sources */,
				34BE363E254724910032D3A7 /* Frameworks */,
				34BE363F254724910032D3A7 /* Resources */,
			);
			buildRules = (
			);
			dependencies = (
			);
			name = "Since WidgetExtension";
			productName = "Since WidgetExtension";
			productReference = 34BE3641254724910032D3A7 /* Since WidgetExtension.appex */;
			productType = "com.apple.product-type.app-extension";
		};
/* End PBXNativeTarget section */

/* Begin PBXProject section */
		34BE35F52541EA420032D3A7 /* Project object */ = {
			isa = PBXProject;
			attributes = {
				LastSwiftUpdateCheck = 1200;
				LastUpgradeCheck = 1200;
				TargetAttributes = {
					34BE35FC2541EA420032D3A7 = {
						CreatedOnToolsVersion = 12.0.1;
					};
					34BE3640254724910032D3A7 = {
						CreatedOnToolsVersion = 12.0.1;
					};
				};
			};
			buildConfigurationList = 34BE35F82541EA420032D3A7 /* Build configuration list for PBXProject "Since" */;
			compatibilityVersion = "Xcode 9.3";
			developmentRegion = en;
			hasScannedForEncodings = 0;
			knownRegions = (
				en,
				Base,
			);
			mainGroup = 34BE35F42541EA420032D3A7;
			productRefGroup = 34BE35FE2541EA420032D3A7 /* Products */;
			projectDirPath = "";
			projectRoot = "";
			targets = (
				34BE35FC2541EA420032D3A7 /* Since */,
				34BE3640254724910032D3A7 /* Since WidgetExtension */,
			);
		};
/* End PBXProject section */

/* Begin PBXResourcesBuildPhase section */
		34BE35FB2541EA420032D3A7 /* Resources */ = {
			isa = PBXResourcesBuildPhase;
			buildActionMask = 2147483647;
			files = (
				34BE36082541EA430032D3A7 /* Preview Assets.xcassets in Resources */,
				34BE36052541EA430032D3A7 /* Assets.xcassets in Resources */,
			);
			runOnlyForDeploymentPostprocessing = 0;
		};
		34BE363F254724910032D3A7 /* Resources */ = {
			isa = PBXResourcesBuildPhase;
			buildActionMask = 2147483647;
			files = (
				34BE366F25472A4E0032D3A7 /* Assets.xcassets in Resources */,
				34BE364B254724940032D3A7 /* Assets.xcassets in Resources */,
			);
			runOnlyForDeploymentPostprocessing = 0;
		};
/* End PBXResourcesBuildPhase section */

/* Begin PBXSourcesBuildPhase section */
		34BE35F92541EA420032D3A7 /* Sources */ = {
			isa = PBXSourcesBuildPhase;
			buildActionMask = 2147483647;
			files = (
				349C762E254B3193002605B0 /* OnboardingItem.swift in Sources */,
				34BE360D2541EA430032D3A7 /* Since.xcdatamodeld in Sources */,
				349C762A254B3177002605B0 /* OnboardingCardView.swift in Sources */,
				34BE36CC25480B550032D3A7 /* WidgetSinceEvent.swift in Sources */,
				34BE36292541F69A0032D3A7 /* MainView.swift in Sources */,
				34BE36262541F5740032D3A7 /* AddEventView.swift in Sources */,
				34BE3669254728160032D3A7 /* AppGroup.swift in Sources */,
				349C7615254AF298002605B0 /* EditItemView.swift in Sources */,
				349C7626254B3112002605B0 /* OnboardingView.swift in Sources */,
				34C63C42259CAB1F003B12DB /* WikiSinceEvent.swift in Sources */,
				349C75D42548929D002605B0 /* CenterCropped.swift in Sources */,
				349C7622254B24D2002605B0 /* CustomTabView.swift in Sources */,
				3493762225A1C7B90035D845 /* NotificationManager.swift in Sources */,
				34BE361D2541EBFA0032D3A7 /* SinceItemListView.swift in Sources */,
				349C7633254B3209002605B0 /* OnboardingData.swift in Sources */,
				34BE36222541EC230032D3A7 /* TimeFromDate.swift in Sources */,
				349C75FB25499341002605B0 /* Size.swift in Sources */,
				34BE36332546E21A0032D3A7 /* ImagePicker.swift in Sources */,
				34BE360A2541EA430032D3A7 /* Persistence.swift in Sources */,
				34BE36032541EA420032D3A7 /* ContentView.swift in Sources */,
				34BE363A2546E7C60032D3A7 /* ImageHandler.swift in Sources */,
				34BE36012541EA420032D3A7 /* SinceApp.swift in Sources */,
				349C75F3254988DA002605B0 /* KeyboardRemover.swift in Sources */,
				3493764825A1E1F80035D845 /* StoreManager.swift in Sources */,
				349C7639254B372A002605B0 /* StartButtonView.swift in Sources */,
				3493765225A214860035D845 /* StoreView.swift in Sources */,
				349C760B254AC951002605B0 /* SplashView.swift in Sources */,
			);
			runOnlyForDeploymentPostprocessing = 0;
		};
		34BE363D254724910032D3A7 /* Sources */ = {
			isa = PBXSourcesBuildPhase;
			buildActionMask = 2147483647;
			files = (
				34BE36D3254810350032D3A7 /* AppGroup.swift in Sources */,
				34BE3649254724910032D3A7 /* Since_Widget.swift in Sources */,
				34BE36E3254843FD0032D3A7 /* TimeFromDate.swift in Sources */,
				34BE36CD25480B550032D3A7 /* WidgetSinceEvent.swift in Sources */,
				34BE36D025480EA30032D3A7 /* ImageHandler.swift in Sources */,
				3493762E25A1CC5D0035D845 /* EventDecoder.swift in Sources */,
				349C75D7254892AE002605B0 /* CenterCropped.swift in Sources */,
				34BE366C25472A110032D3A7 /* SinceWidgetView.swift in Sources */,
			);
			runOnlyForDeploymentPostprocessing = 0;
		};
/* End PBXSourcesBuildPhase section */

/* Begin PBXTargetDependency section */
		34BE364E254724950032D3A7 /* PBXTargetDependency */ = {
			isa = PBXTargetDependency;
			target = 34BE3640254724910032D3A7 /* Since WidgetExtension */;
			targetProxy = 34BE364D254724950032D3A7 /* PBXContainerItemProxy */;
		};
/* End PBXTargetDependency section */

/* Begin XCBuildConfiguration section */
		34BE360F2541EA430032D3A7 /* Debug */ = {
			isa = XCBuildConfiguration;
			buildSettings = {
				ALWAYS_SEARCH_USER_PATHS = NO;
				CLANG_ANALYZER_NONNULL = YES;
				CLANG_ANALYZER_NUMBER_OBJECT_CONVERSION = YES_AGGRESSIVE;
				CLANG_CXX_LANGUAGE_STANDARD = "gnu++14";
				CLANG_CXX_LIBRARY = "libc++";
				CLANG_ENABLE_MODULES = YES;
				CLANG_ENABLE_OBJC_ARC = YES;
				CLANG_ENABLE_OBJC_WEAK = YES;
				CLANG_WARN_BLOCK_CAPTURE_AUTORELEASING = YES;
				CLANG_WARN_BOOL_CONVERSION = YES;
				CLANG_WARN_COMMA = YES;
				CLANG_WARN_CONSTANT_CONVERSION = YES;
				CLANG_WARN_DEPRECATED_OBJC_IMPLEMENTATIONS = YES;
				CLANG_WARN_DIRECT_OBJC_ISA_USAGE = YES_ERROR;
				CLANG_WARN_DOCUMENTATION_COMMENTS = YES;
				CLANG_WARN_EMPTY_BODY = YES;
				CLANG_WARN_ENUM_CONVERSION = YES;
				CLANG_WARN_INFINITE_RECURSION = YES;
				CLANG_WARN_INT_CONVERSION = YES;
				CLANG_WARN_NON_LITERAL_NULL_CONVERSION = YES;
				CLANG_WARN_OBJC_IMPLICIT_RETAIN_SELF = YES;
				CLANG_WARN_OBJC_LITERAL_CONVERSION = YES;
				CLANG_WARN_OBJC_ROOT_CLASS = YES_ERROR;
				CLANG_WARN_QUOTED_INCLUDE_IN_FRAMEWORK_HEADER = YES;
				CLANG_WARN_RANGE_LOOP_ANALYSIS = YES;
				CLANG_WARN_STRICT_PROTOTYPES = YES;
				CLANG_WARN_SUSPICIOUS_MOVE = YES;
				CLANG_WARN_UNGUARDED_AVAILABILITY = YES_AGGRESSIVE;
				CLANG_WARN_UNREACHABLE_CODE = YES;
				CLANG_WARN__DUPLICATE_METHOD_MATCH = YES;
				COPY_PHASE_STRIP = NO;
				DEBUG_INFORMATION_FORMAT = dwarf;
				ENABLE_STRICT_OBJC_MSGSEND = YES;
				ENABLE_TESTABILITY = YES;
				GCC_C_LANGUAGE_STANDARD = gnu11;
				GCC_DYNAMIC_NO_PIC = NO;
				GCC_NO_COMMON_BLOCKS = YES;
				GCC_OPTIMIZATION_LEVEL = 0;
				GCC_PREPROCESSOR_DEFINITIONS = (
					"DEBUG=1",
					"$(inherited)",
				);
				GCC_WARN_64_TO_32_BIT_CONVERSION = YES;
				GCC_WARN_ABOUT_RETURN_TYPE = YES_ERROR;
				GCC_WARN_UNDECLARED_SELECTOR = YES;
				GCC_WARN_UNINITIALIZED_AUTOS = YES_AGGRESSIVE;
				GCC_WARN_UNUSED_FUNCTION = YES;
				GCC_WARN_UNUSED_VARIABLE = YES;
				IPHONEOS_DEPLOYMENT_TARGET = 14.0;
				MTL_ENABLE_DEBUG_INFO = INCLUDE_SOURCE;
				MTL_FAST_MATH = YES;
				ONLY_ACTIVE_ARCH = YES;
				SDKROOT = iphoneos;
				SWIFT_ACTIVE_COMPILATION_CONDITIONS = DEBUG;
				SWIFT_OPTIMIZATION_LEVEL = "-Onone";
			};
			name = Debug;
		};
		34BE36102541EA430032D3A7 /* Release */ = {
			isa = XCBuildConfiguration;
			buildSettings = {
				ALWAYS_SEARCH_USER_PATHS = NO;
				CLANG_ANALYZER_NONNULL = YES;
				CLANG_ANALYZER_NUMBER_OBJECT_CONVERSION = YES_AGGRESSIVE;
				CLANG_CXX_LANGUAGE_STANDARD = "gnu++14";
				CLANG_CXX_LIBRARY = "libc++";
				CLANG_ENABLE_MODULES = YES;
				CLANG_ENABLE_OBJC_ARC = YES;
				CLANG_ENABLE_OBJC_WEAK = YES;
				CLANG_WARN_BLOCK_CAPTURE_AUTORELEASING = YES;
				CLANG_WARN_BOOL_CONVERSION = YES;
				CLANG_WARN_COMMA = YES;
				CLANG_WARN_CONSTANT_CONVERSION = YES;
				CLANG_WARN_DEPRECATED_OBJC_IMPLEMENTATIONS = YES;
				CLANG_WARN_DIRECT_OBJC_ISA_USAGE = YES_ERROR;
				CLANG_WARN_DOCUMENTATION_COMMENTS = YES;
				CLANG_WARN_EMPTY_BODY = YES;
				CLANG_WARN_ENUM_CONVERSION = YES;
				CLANG_WARN_INFINITE_RECURSION = YES;
				CLANG_WARN_INT_CONVERSION = YES;
				CLANG_WARN_NON_LITERAL_NULL_CONVERSION = YES;
				CLANG_WARN_OBJC_IMPLICIT_RETAIN_SELF = YES;
				CLANG_WARN_OBJC_LITERAL_CONVERSION = YES;
				CLANG_WARN_OBJC_ROOT_CLASS = YES_ERROR;
				CLANG_WARN_QUOTED_INCLUDE_IN_FRAMEWORK_HEADER = YES;
				CLANG_WARN_RANGE_LOOP_ANALYSIS = YES;
				CLANG_WARN_STRICT_PROTOTYPES = YES;
				CLANG_WARN_SUSPICIOUS_MOVE = YES;
				CLANG_WARN_UNGUARDED_AVAILABILITY = YES_AGGRESSIVE;
				CLANG_WARN_UNREACHABLE_CODE = YES;
				CLANG_WARN__DUPLICATE_METHOD_MATCH = YES;
				COPY_PHASE_STRIP = NO;
				DEBUG_INFORMATION_FORMAT = "dwarf-with-dsym";
				ENABLE_NS_ASSERTIONS = NO;
				ENABLE_STRICT_OBJC_MSGSEND = YES;
				GCC_C_LANGUAGE_STANDARD = gnu11;
				GCC_NO_COMMON_BLOCKS = YES;
				GCC_WARN_64_TO_32_BIT_CONVERSION = YES;
				GCC_WARN_ABOUT_RETURN_TYPE = YES_ERROR;
				GCC_WARN_UNDECLARED_SELECTOR = YES;
				GCC_WARN_UNINITIALIZED_AUTOS = YES_AGGRESSIVE;
				GCC_WARN_UNUSED_FUNCTION = YES;
				GCC_WARN_UNUSED_VARIABLE = YES;
				IPHONEOS_DEPLOYMENT_TARGET = 14.0;
				MTL_ENABLE_DEBUG_INFO = NO;
				MTL_FAST_MATH = YES;
				SDKROOT = iphoneos;
				SWIFT_COMPILATION_MODE = wholemodule;
				SWIFT_OPTIMIZATION_LEVEL = "-O";
				VALIDATE_PRODUCT = YES;
			};
			name = Release;
		};
		34BE36122541EA430032D3A7 /* Debug */ = {
			isa = XCBuildConfiguration;
			buildSettings = {
				ALWAYS_EMBED_SWIFT_STANDARD_LIBRARIES = YES;
				ASSETCATALOG_COMPILER_APPICON_NAME = AppIcon;
				ASSETCATALOG_COMPILER_GLOBAL_ACCENT_COLOR_NAME = AccentColor;
				CODE_SIGN_ENTITLEMENTS = Since/Since.entitlements;
				CODE_SIGN_STYLE = Automatic;
				CURRENT_PROJECT_VERSION = 1;
				DEVELOPMENT_ASSET_PATHS = "\"Since/Preview Content\"";
				DEVELOPMENT_TEAM = 6M7LP63RZC;
				ENABLE_PREVIEWS = YES;
				INFOPLIST_FILE = Since/Info.plist;
				IPHONEOS_DEPLOYMENT_TARGET = 14.0;
				LD_RUNPATH_SEARCH_PATHS = (
					"$(inherited)",
					"@executable_path/Frameworks",
				);
				MARKETING_VERSION = 2.0;
				PRODUCT_BUNDLE_IDENTIFIER = com.mylearningapps.Since;
				PRODUCT_NAME = "$(TARGET_NAME)";
				SWIFT_VERSION = 5.0;
				TARGETED_DEVICE_FAMILY = 1;
			};
			name = Debug;
		};
		34BE36132541EA430032D3A7 /* Release */ = {
			isa = XCBuildConfiguration;
			buildSettings = {
				ALWAYS_EMBED_SWIFT_STANDARD_LIBRARIES = YES;
				ASSETCATALOG_COMPILER_APPICON_NAME = AppIcon;
				ASSETCATALOG_COMPILER_GLOBAL_ACCENT_COLOR_NAME = AccentColor;
				CODE_SIGN_ENTITLEMENTS = Since/Since.entitlements;
				CODE_SIGN_STYLE = Automatic;
				CURRENT_PROJECT_VERSION = 1;
				DEVELOPMENT_ASSET_PATHS = "\"Since/Preview Content\"";
				DEVELOPMENT_TEAM = 6M7LP63RZC;
				ENABLE_PREVIEWS = YES;
				INFOPLIST_FILE = Since/Info.plist;
				IPHONEOS_DEPLOYMENT_TARGET = 14.0;
				LD_RUNPATH_SEARCH_PATHS = (
					"$(inherited)",
					"@executable_path/Frameworks",
				);
				MARKETING_VERSION = 2.0;
				PRODUCT_BUNDLE_IDENTIFIER = com.mylearningapps.Since;
				PRODUCT_NAME = "$(TARGET_NAME)";
				SWIFT_VERSION = 5.0;
				TARGETED_DEVICE_FAMILY = 1;
			};
			name = Release;
		};
		34BE3651254724950032D3A7 /* Debug */ = {
			isa = XCBuildConfiguration;
			buildSettings = {
				ASSETCATALOG_COMPILER_GLOBAL_ACCENT_COLOR_NAME = AccentColor;
				ASSETCATALOG_COMPILER_WIDGET_BACKGROUND_COLOR_NAME = WidgetBackground;
				CODE_SIGN_ENTITLEMENTS = "Since WidgetExtension.entitlements";
				CODE_SIGN_STYLE = Automatic;
				CURRENT_PROJECT_VERSION = 1;
				DEVELOPMENT_TEAM = 6M7LP63RZC;
				INFOPLIST_FILE = "Since Widget/Info.plist";
				LD_RUNPATH_SEARCH_PATHS = (
					"$(inherited)",
					"@executable_path/Frameworks",
					"@executable_path/../../Frameworks",
				);
				MARKETING_VERSION = 2.0;
				PRODUCT_BUNDLE_IDENTIFIER = "com.mylearningapps.Since.Since-Widget";
				PRODUCT_NAME = "$(TARGET_NAME)";
				SKIP_INSTALL = YES;
				SWIFT_VERSION = 5.0;
				TARGETED_DEVICE_FAMILY = 1;
			};
			name = Debug;
		};
		34BE3652254724950032D3A7 /* Release */ = {
			isa = XCBuildConfiguration;
			buildSettings = {
				ASSETCATALOG_COMPILER_GLOBAL_ACCENT_COLOR_NAME = AccentColor;
				ASSETCATALOG_COMPILER_WIDGET_BACKGROUND_COLOR_NAME = WidgetBackground;
				CODE_SIGN_ENTITLEMENTS = "Since WidgetExtension.entitlements";
				CODE_SIGN_STYLE = Automatic;
				CURRENT_PROJECT_VERSION = 1;
				DEVELOPMENT_TEAM = 6M7LP63RZC;
				INFOPLIST_FILE = "Since Widget/Info.plist";
				LD_RUNPATH_SEARCH_PATHS = (
					"$(inherited)",
					"@executable_path/Frameworks",
					"@executable_path/../../Frameworks",
				);
				MARKETING_VERSION = 2.0;
				PRODUCT_BUNDLE_IDENTIFIER = "com.mylearningapps.Since.Since-Widget";
				PRODUCT_NAME = "$(TARGET_NAME)";
				SKIP_INSTALL = YES;
				SWIFT_VERSION = 5.0;
				TARGETED_DEVICE_FAMILY = 1;
			};
			name = Release;
		};
/* End XCBuildConfiguration section */

/* Begin XCConfigurationList section */
		34BE35F82541EA420032D3A7 /* Build configuration list for PBXProject "Since" */ = {
			isa = XCConfigurationList;
			buildConfigurations = (
				34BE360F2541EA430032D3A7 /* Debug */,
				34BE36102541EA430032D3A7 /* Release */,
			);
			defaultConfigurationIsVisible = 0;
			defaultConfigurationName = Release;
		};
		34BE36112541EA430032D3A7 /* Build configuration list for PBXNativeTarget "Since" */ = {
			isa = XCConfigurationList;
			buildConfigurations = (
				34BE36122541EA430032D3A7 /* Debug */,
				34BE36132541EA430032D3A7 /* Release */,
			);
			defaultConfigurationIsVisible = 0;
			defaultConfigurationName = Release;
		};
		34BE3650254724950032D3A7 /* Build configuration list for PBXNativeTarget "Since WidgetExtension" */ = {
			isa = XCConfigurationList;
			buildConfigurations = (
				34BE3651254724950032D3A7 /* Debug */,
				34BE3652254724950032D3A7 /* Release */,
			);
			defaultConfigurationIsVisible = 0;
			defaultConfigurationName = Release;
		};
/* End XCConfigurationList section */

/* Begin XCVersionGroup section */
		34BE360B2541EA430032D3A7 /* Since.xcdatamodeld */ = {
			isa = XCVersionGroup;
			children = (
				34BE360C2541EA430032D3A7 /* Since.xcdatamodel */,
			);
			currentVersion = 34BE360C2541EA430032D3A7 /* Since.xcdatamodel */;
			path = Since.xcdatamodeld;
			sourceTree = "<group>";
			versionGroupType = wrapper.xcdatamodel;
		};
/* End XCVersionGroup section */
	};
	rootObject = 34BE35F52541EA420032D3A7 /* Project object */;
}
